
Microsoft Visual Studio Solution File, Format Version 12.00
# Visual Studio Version 17
VisualStudioVersion = 17.4.33205.214
MinimumVisualStudioVersion = 10.0.40219.1
Project("{F184B08F-C81C-45F6-A57F-5ABD9991F28F}") = "TheMastermind", "TheMastermind\TheMastermind.vbproj", "{F46A10A6-0D8A-47FF-B4FC-E9B541FC0CEE}"
EndProject
Global
	GlobalSection(SolutionConfigurationPlatforms) = preSolution
		Debug|Any CPU = Debug|Any CPU
		Release|Any CPU = Release|Any CPU
	EndGlobalSection
	GlobalSection(ProjectConfigurationPlatforms) = postSolution
		{F46A10A6-0D8A-47FF-B4FC-E9B541FC0CEE}.Debug|Any CPU.ActiveCfg = Debug|Any CPU
		{F46A10A6-0D8A-47FF-B4FC-E9B541FC0CEE}.Debug|Any CPU.Build.0 = Debug|Any CPU
		{F46A10A6-0D8A-47FF-B4FC-E9B541FC0CEE}.Release|Any CPU.ActiveCfg = Release|Any CPU
		{F46A10A6-0D8A-47FF-B4FC-E9B541FC0CEE}.Release|Any CPU.Build.0 = Release|Any CPU
	EndGlobalSection
	GlobalSection(SolutionProperties) = preSolution
		HideSolutionNode = FALSE
	EndGlobalSection
	GlobalSection(ExtensibilityGlobals) = postSolution
		SolutionGuid = {A405F2FE-3E7C-4F18-850A-3B9677B7AB88}
	EndGlobalSection
EndGlobal
